# THIS IS AN AUTOGENERATED FILE. DO NOT EDIT THIS FILE DIRECTLY.
# yarn lockfile v1


validar-cpf@^3.1.1:
  version "3.1.1"
  resolved "https://registry.yarnpkg.com/validar-cpf/-/validar-cpf-3.1.1.tgz#6c7842812719e2c25115700790f9817f6886db69"
  integrity sha512-7qBi2tY2WlBqnn+rpuaBCdgJiNLcTWh8mRvHz2Q2OH7GHiSRoJNytUSyzTsFHZaBX2/DO6wjkDwWR/PriIFM/w==
